<?xml version="1.0" encoding="utf-8"?>
<Project ToolsVersion="4.0" xmlns="http://schemas.microsoft.com/developer/msbuild/2003">
  <ItemGroup>
    <Filter Include="Fichiers sources">
      <UniqueIdentifier>{4FC737F1-C7A5-4376-A066-2A32D752A2FF}</UniqueIdentifier>
      <Extensions>cpp;c;cc;cxx;c++;cppm;ixx;def;odl;idl;hpj;bat;asm;asmx</Extensions>
    </Filter>
    <Filter Include="Fichiers d%27en-tête">
      <UniqueIdentifier>{93995380-89BD-4b04-88EB-625FBE52EBFB}</UniqueIdentifier>
      <Extensions>h;hh;hpp;hxx;h++;hm;inl;inc;ipp;xsd</Extensions>
    </Filter>
    <Filter Include="Fichiers de ressources">
      <UniqueIdentifier>{67DA6AB6-F800-4c08-8B7A-83BB121AAD01}</UniqueIdentifier>
      <Extensions>rc;ico;cur;bmp;dlg;rc2;rct;bin;rgs;gif;jpg;jpeg;jpe;resx;tiff;tif;png;wav;mfcribbon-ms</Extensions>
    </Filter>
    <Filter Include="Classes composantes">
      <UniqueIdentifier>{0367bc67-e0cd-44ca-b4d5-a68de82159cf}</UniqueIdentifier>
    </Filter>
    <Filter Include="Classe service">
      <UniqueIdentifier>{d4ff02cd-3c90-4e6f-850f-51149ffe7e6e}</UniqueIdentifier>
    </Filter>
  </ItemGroup>
  <ItemGroup>
    <ClCompile Include="MyForm.cpp">
      <Filter>Fichiers sources</Filter>
    </ClCompile>
    <ClCompile Include="FormePersonnel.cpp">
      <Filter>Fichiers sources</Filter>
    </ClCompile>
    <ClCompile Include="Adresse.cpp">
      <Filter>Classes composantes</Filter>
    </ClCompile>
    <ClCompile Include="Article.cpp">
      <Filter>Classes composantes</Filter>
    </ClCompile>
    <ClCompile Include="CAD.cpp">
      <Filter>Classes composantes</Filter>
    </ClCompile>
    <ClCompile Include="Choisir.cpp">
      <Filter>Classes composantes</Filter>
    </ClCompile>
    <ClCompile Include="FormeClient.cpp">
      <Filter>Fichiers sources</Filter>
    </ClCompile>
    <ClCompile Include="FormeCommande.cpp">
      <Filter>Fichiers sources</Filter>
    </ClCompile>
    <ClCompile Include="FormeStatistiques.cpp">
      <Filter>Fichiers sources</Filter>
    </ClCompile>
    <ClCompile Include="FormeStock.cpp">
      <Filter>Fichiers sources</Filter>
    </ClCompile>
    <ClCompile Include="Client.cpp">
      <Filter>Classes composantes</Filter>
    </ClCompile>
    <ClCompile Include="Commande.cpp">
      <Filter>Classes composantes</Filter>
    </ClCompile>
    <ClCompile Include="Paiement.cpp">
      <Filter>Classes composantes</Filter>
    </ClCompile>
    <ClCompile Include="Personne.cpp">
      <Filter>Classes composantes</Filter>
    </ClCompile>
    <ClCompile Include="Ville.cpp">
      <Filter>Classes composantes</Filter>
    </ClCompile>
    <ClCompile Include="Personnel.cpp">
      <Filter>Classes composantes</Filter>
    </ClCompile>
    <ClCompile Include="Vivre.cpp">
      <Filter>Classes composantes</Filter>
    </ClCompile>
    <ClCompile Include="SVC_Gemploye.cpp">
      <Filter>Classe service</Filter>
    </ClCompile>
    <ClCompile Include="SVC_Gstock.cpp">
      <Filter>Classe service</Filter>
    </ClCompile>
    <ClCompile Include="SVC_Gclient.cpp">
      <Filter>Classe service</Filter>
    </ClCompile>
    <ClCompile Include="FicheAdresse.cpp">
      <Filter>Fichiers d%27en-tête</Filter>
    </ClCompile>
  </ItemGroup>
  <ItemGroup>
    <ClInclude Include="MyForm.h">
      <Filter>Fichiers d%27en-tête</Filter>
    </ClInclude>
    <ClInclude Include="FormePersonnel.h">
      <Filter>Fichiers d%27en-tête</Filter>
    </ClInclude>
    <ClInclude Include="Adresse.h">
      <Filter>Classes composantes</Filter>
    </ClInclude>
    <ClInclude Include="Article.h">
      <Filter>Classes composantes</Filter>
    </ClInclude>
    <ClInclude Include="CAD.h">
      <Filter>Classes composantes</Filter>
    </ClInclude>
    <ClInclude Include="Choisir.h">
      <Filter>Classes composantes</Filter>
    </ClInclude>
    <ClInclude Include="FormeClient.h">
      <Filter>Fichiers d%27en-tête</Filter>
    </ClInclude>
    <ClInclude Include="FormeCommande.h">
      <Filter>Fichiers d%27en-tête</Filter>
    </ClInclude>
    <ClInclude Include="FormeStatistiques.h">
      <Filter>Fichiers d%27en-tête</Filter>
    </ClInclude>
    <ClInclude Include="FormeStock.h">
      <Filter>Fichiers d%27en-tête</Filter>
    </ClInclude>
    <ClInclude Include="Paiement.h">
      <Filter>Classes composantes</Filter>
    </ClInclude>
    <ClInclude Include="Personne.h">
      <Filter>Classes composantes</Filter>
    </ClInclude>
    <ClInclude Include="Personnel.h">
      <Filter>Classes composantes</Filter>
    </ClInclude>
    <ClInclude Include="Ville.h">
      <Filter>Classes composantes</Filter>
    </ClInclude>
    <ClInclude Include="Vivre.h">
      <Filter>Classes composantes</Filter>
    </ClInclude>
    <ClInclude Include="Client.h">
      <Filter>Classes composantes</Filter>
    </ClInclude>
    <ClInclude Include="Commande.h">
      <Filter>Classes composantes</Filter>
    </ClInclude>
    <ClInclude Include="SVC_Gemploye.h">
      <Filter>Classe service</Filter>
    </ClInclude>
    <ClInclude Include="SVC_Gstock.h">
      <Filter>Classe service</Filter>
    </ClInclude>
    <ClInclude Include="SVC_Gclient.h">
      <Filter>Classe service</Filter>
    </ClInclude>
    <ClInclude Include="FicheAdresse.h">
      <Filter>Fichiers d%27en-tête</Filter>
    </ClInclude>
  </ItemGroup>
</Project>